
Microsoft Visual Studio Solution File, Format Version 12.00
# Visual Studio Version 17
VisualStudioVersion = 17.1.32421.90
MinimumVisualStudioVersion = 10.0.40219.1
Project("{FAE04EC0-301F-11D3-BF4B-00C04F79EFBC}") = "DelegateTask", "DelegateTask\DelegateTask.csproj", "{488A6F06-8595-44DD-9980-6B688C50D49D}"
EndProject
Global
	GlobalSection(SolutionConfigurationPlatforms) = preSolution
		Debug|Any CPU = Debug|Any CPU
		Release|Any CPU = Release|Any CPU
	EndGlobalSection
	GlobalSection(ProjectConfigurationPlatforms) = postSolution
		{488A6F06-8595-44DD-9980-6B688C50D49D}.Debug|Any CPU.ActiveCfg = Debug|Any CPU
		{488A6F06-8595-44DD-9980-6B688C50D49D}.Debug|Any CPU.Build.0 = Debug|Any CPU
		{488A6F06-8595-44DD-9980-6B688C50D49D}.Release|Any CPU.ActiveCfg = Release|Any CPU
		{488A6F06-8595-44DD-9980-6B688C50D49D}.Release|Any CPU.Build.0 = Release|Any CPU
	EndGlobalSection
	GlobalSection(SolutionProperties) = preSolution
		HideSolutionNode = FALSE
	EndGlobalSection
	GlobalSection(ExtensibilityGlobals) = postSolution
		SolutionGuid = {C2B4BE0E-4B33-4E4C-9600-225ECBB758A1}
	EndGlobalSection
EndGlobal
